
Microsoft Visual Studio Solution File, Format Version 12.00
# Visual Studio Version 17
VisualStudioVersion = 17.3.32819.101
MinimumVisualStudioVersion = 10.0.40219.1
Project("{FAE04EC0-301F-11D3-BF4B-00C04F79EFBC}") = "SignalR-PlayGround", "SignalR-PlayGround\SignalR-PlayGround.csproj", "{B25BF660-364B-4BCF-97DE-28340B9C19F9}"
EndProject
Project("{FAE04EC0-301F-11D3-BF4B-00C04F79EFBC}") = "SignalR-TestClient", "SignalR-TestClient\SignalR-TestClient.csproj", "{E31ABF8F-69AA-4A00-9662-A0BB63798704}"
EndProject
Global
	GlobalSection(SolutionConfigurationPlatforms) = preSolution
		Debug|Any CPU = Debug|Any CPU
		Release|Any CPU = Release|Any CPU
	EndGlobalSection
	GlobalSection(ProjectConfigurationPlatforms) = postSolution
		{B25BF660-364B-4BCF-97DE-28340B9C19F9}.Debug|Any CPU.ActiveCfg = Debug|Any CPU
		{B25BF660-364B-4BCF-97DE-28340B9C19F9}.Debug|Any CPU.Build.0 = Debug|Any CPU
		{B25BF660-364B-4BCF-97DE-28340B9C19F9}.Release|Any CPU.ActiveCfg = Release|Any CPU
		{B25BF660-364B-4BCF-97DE-28340B9C19F9}.Release|Any CPU.Build.0 = Release|Any CPU
		{E31ABF8F-69AA-4A00-9662-A0BB63798704}.Debug|Any CPU.ActiveCfg = Debug|Any CPU
		{E31ABF8F-69AA-4A00-9662-A0BB63798704}.Debug|Any CPU.Build.0 = Debug|Any CPU
		{E31ABF8F-69AA-4A00-9662-A0BB63798704}.Release|Any CPU.ActiveCfg = Release|Any CPU
		{E31ABF8F-69AA-4A00-9662-A0BB63798704}.Release|Any CPU.Build.0 = Release|Any CPU
	EndGlobalSection
	GlobalSection(SolutionProperties) = preSolution
		HideSolutionNode = FALSE
	EndGlobalSection
	GlobalSection(ExtensibilityGlobals) = postSolution
		SolutionGuid = {BD410F74-838E-4B30-9579-DDA63159B988}
	EndGlobalSection
EndGlobal
